
Microsoft Visual Studio Solution File, Format Version 12.00
# Visual Studio Version 17
VisualStudioVersion = 17.2.32526.322
MinimumVisualStudioVersion = 10.0.40219.1
Project("{9A19103F-16F7-4668-BE54-9A1E7A4F7556}") = "MySecrets.Domain", "MySecrets\MySecrets.Domain.csproj", "{29815290-188F-4E95-A716-4DB29D0840D4}"
EndProject
Project("{FAE04EC0-301F-11D3-BF4B-00C04F79EFBC}") = "MySecrets.Application", "MySecrets.Application\MySecrets.Application.csproj", "{A1AC8141-212D-453F-9A06-8E15C6FF919B}"
EndProject
Project("{FAE04EC0-301F-11D3-BF4B-00C04F79EFBC}") = "MySecrets.Test", "MySecrets.Test\MySecrets.Test.csproj", "{B9545CE0-B3B8-43F3-9883-876075096F23}"
EndProject
Global
	GlobalSection(SolutionConfigurationPlatforms) = preSolution
		Debug|Any CPU = Debug|Any CPU
		Release|Any CPU = Release|Any CPU
	EndGlobalSection
	GlobalSection(ProjectConfigurationPlatforms) = postSolution
		{29815290-188F-4E95-A716-4DB29D0840D4}.Debug|Any CPU.ActiveCfg = Debug|Any CPU
		{29815290-188F-4E95-A716-4DB29D0840D4}.Debug|Any CPU.Build.0 = Debug|Any CPU
		{29815290-188F-4E95-A716-4DB29D0840D4}.Release|Any CPU.ActiveCfg = Release|Any CPU
		{29815290-188F-4E95-A716-4DB29D0840D4}.Release|Any CPU.Build.0 = Release|Any CPU
		{A1AC8141-212D-453F-9A06-8E15C6FF919B}.Debug|Any CPU.ActiveCfg = Debug|Any CPU
		{A1AC8141-212D-453F-9A06-8E15C6FF919B}.Debug|Any CPU.Build.0 = Debug|Any CPU
		{A1AC8141-212D-453F-9A06-8E15C6FF919B}.Release|Any CPU.ActiveCfg = Release|Any CPU
		{A1AC8141-212D-453F-9A06-8E15C6FF919B}.Release|Any CPU.Build.0 = Release|Any CPU
		{B9545CE0-B3B8-43F3-9883-876075096F23}.Debug|Any CPU.ActiveCfg = Debug|Any CPU
		{B9545CE0-B3B8-43F3-9883-876075096F23}.Debug|Any CPU.Build.0 = Debug|Any CPU
		{B9545CE0-B3B8-43F3-9883-876075096F23}.Release|Any CPU.ActiveCfg = Release|Any CPU
		{B9545CE0-B3B8-43F3-9883-876075096F23}.Release|Any CPU.Build.0 = Release|Any CPU
	EndGlobalSection
	GlobalSection(SolutionProperties) = preSolution
		HideSolutionNode = FALSE
	EndGlobalSection
	GlobalSection(ExtensibilityGlobals) = postSolution
		SolutionGuid = {F09D5136-DD45-4D1D-BFD3-AE9F745BC5D6}
	EndGlobalSection
EndGlobal
